// !$*UTF8*$!
{
	archiveVersion = 1;
	classes = {
	};
	objectVersion = 48;
	objects = {

/* Begin PBXBuildFile section */
		552C7F571FB76D5D00D9FD60 /* Crypto.framework in Frameworks */ = {isa = PBXBuildFile; fileRef = 552C7F501FB76A4900D9FD60 /* Crypto.framework */; };
		552C7F581FB76D6800D9FD60 /* Crypto.framework in Frameworks */ = {isa = PBXBuildFile; fileRef = 552C7F551FB76D4D00D9FD60 /* Crypto.framework */; };
		552C7F5A1FB76D7600D9FD60 /* Crypto.framework in Frameworks */ = {isa = PBXBuildFile; fileRef = 552C7F591FB76D7600D9FD60 /* Crypto.framework */; };
		552C7F5B1FB76D8400D9FD60 /* Crypto.framework in Frameworks */ = {isa = PBXBuildFile; fileRef = 552C7F521FB76A6500D9FD60 /* Crypto.framework */; };
		552C7F5F1FB76DD100D9FD60 /* Crypto.framework in Embed Frameworks */ = {isa = PBXBuildFile; fileRef = 552C7F501FB76A4900D9FD60 /* Crypto.framework */; settings = {ATTRIBUTES = (CodeSignOnCopy, RemoveHeadersOnCopy, ); }; };
		552C7F611FB76DE700D9FD60 /* Crypto.framework in Embed Frameworks */ = {isa = PBXBuildFile; fileRef = 552C7F591FB76D7600D9FD60 /* Crypto.framework */; settings = {ATTRIBUTES = (CodeSignOnCopy, RemoveHeadersOnCopy, ); }; };
		552C7F631FB76DFC00D9FD60 /* Crypto.framework in Embed Frameworks */ = {isa = PBXBuildFile; fileRef = 552C7F521FB76A6500D9FD60 /* Crypto.framework */; settings = {ATTRIBUTES = (CodeSignOnCopy, RemoveHeadersOnCopy, ); }; };
		552C7F641FB76E9E00D9FD60 /* Crypto.framework in Frameworks */ = {isa = PBXBuildFile; fileRef = 552C7F521FB76A6500D9FD60 /* Crypto.framework */; };
		552C7F651FB76EAD00D9FD60 /* Crypto.framework in Frameworks */ = {isa = PBXBuildFile; fileRef = 552C7F591FB76D7600D9FD60 /* Crypto.framework */; };
		552C7F661FB76EB700D9FD60 /* Crypto.framework in Frameworks */ = {isa = PBXBuildFile; fileRef = 552C7F501FB76A4900D9FD60 /* Crypto.framework */; };
		553278A51FB1AB05009320F3 /* OTPGenerator.swift in Sources */ = {isa = PBXBuildFile; fileRef = 55DD56A11FB0ADCB008B62BE /* OTPGenerator.swift */; };
		553278A61FB1AB05009320F3 /* OTPGenerationRequest.swift in Sources */ = {isa = PBXBuildFile; fileRef = 55DD56A51FB0B756008B62BE /* OTPGenerationRequest.swift */; };
		553278A71FB1AB05009320F3 /* OTPKey.swift in Sources */ = {isa = PBXBuildFile; fileRef = 55DDEB8A1FB0EA58004E713B /* OTPKey.swift */; };
		553278A81FB1AB05009320F3 /* OTPKeyURIDecoder.swift in Sources */ = {isa = PBXBuildFile; fileRef = 55DDEB881FB0E987004E713B /* OTPKeyURIDecoder.swift */; };
		553278A91FB1AB05009320F3 /* OTPKeyURIEncoder.swift in Sources */ = {isa = PBXBuildFile; fileRef = 55C496A31FB116ED0034577C /* OTPKeyURIEncoder.swift */; };
		553278AA1FB1AB05009320F3 /* OTP+Base32.swift in Sources */ = {isa = PBXBuildFile; fileRef = 55C4969F1FB1075D0034577C /* OTP+Base32.swift */; };
		553278B91FB1ABA0009320F3 /* OTPGenerator.swift in Sources */ = {isa = PBXBuildFile; fileRef = 55DD56A11FB0ADCB008B62BE /* OTPGenerator.swift */; };
		553278BA1FB1ABA0009320F3 /* OTPGenerationRequest.swift in Sources */ = {isa = PBXBuildFile; fileRef = 55DD56A51FB0B756008B62BE /* OTPGenerationRequest.swift */; };
		553278BB1FB1ABA0009320F3 /* OTPKey.swift in Sources */ = {isa = PBXBuildFile; fileRef = 55DDEB8A1FB0EA58004E713B /* OTPKey.swift */; };
		553278BC1FB1ABA0009320F3 /* OTPKeyURIDecoder.swift in Sources */ = {isa = PBXBuildFile; fileRef = 55DDEB881FB0E987004E713B /* OTPKeyURIDecoder.swift */; };
		553278BD1FB1ABA0009320F3 /* OTPKeyURIEncoder.swift in Sources */ = {isa = PBXBuildFile; fileRef = 55C496A31FB116ED0034577C /* OTPKeyURIEncoder.swift */; };
		553278BE1FB1ABA0009320F3 /* OTP+Base32.swift in Sources */ = {isa = PBXBuildFile; fileRef = 55C4969F1FB1075D0034577C /* OTP+Base32.swift */; };
		553278BF1FB1ABC4009320F3 /* OTP.h in Headers */ = {isa = PBXBuildFile; fileRef = 5562B4971FB087FE000E0F88 /* OTP.h */; settings = {ATTRIBUTES = (Public, ); }; };
		553278C01FB1ABC4009320F3 /* OTP.h in Headers */ = {isa = PBXBuildFile; fileRef = 5562B4971FB087FE000E0F88 /* OTP.h */; settings = {ATTRIBUTES = (Public, ); }; };
		553278CF1FB1AC1A009320F3 /* OTPGenerator.swift in Sources */ = {isa = PBXBuildFile; fileRef = 55DD56A11FB0ADCB008B62BE /* OTPGenerator.swift */; };
		553278D01FB1AC1A009320F3 /* OTPGenerationRequest.swift in Sources */ = {isa = PBXBuildFile; fileRef = 55DD56A51FB0B756008B62BE /* OTPGenerationRequest.swift */; };
		553278D11FB1AC1A009320F3 /* OTPKey.swift in Sources */ = {isa = PBXBuildFile; fileRef = 55DDEB8A1FB0EA58004E713B /* OTPKey.swift */; };
		553278D21FB1AC1A009320F3 /* OTPKeyURIDecoder.swift in Sources */ = {isa = PBXBuildFile; fileRef = 55DDEB881FB0E987004E713B /* OTPKeyURIDecoder.swift */; };
		553278D31FB1AC1A009320F3 /* OTPKeyURIEncoder.swift in Sources */ = {isa = PBXBuildFile; fileRef = 55C496A31FB116ED0034577C /* OTPKeyURIEncoder.swift */; };
		553278D41FB1AC1A009320F3 /* OTP+Base32.swift in Sources */ = {isa = PBXBuildFile; fileRef = 55C4969F1FB1075D0034577C /* OTP+Base32.swift */; };
		553278D51FB1AC1E009320F3 /* OTP.h in Headers */ = {isa = PBXBuildFile; fileRef = 5562B4971FB087FE000E0F88 /* OTP.h */; settings = {ATTRIBUTES = (Public, ); }; };
		553278E21FB1AD55009320F3 /* OTP.framework in Frameworks */ = {isa = PBXBuildFile; fileRef = 553278B01FB1AB76009320F3 /* OTP.framework */; };
		553278F11FB1AD64009320F3 /* OTP.framework in Frameworks */ = {isa = PBXBuildFile; fileRef = 553278C61FB1ABDF009320F3 /* OTP.framework */; };
		553278F81FB1AE83009320F3 /* OTPGenerationTests.swift in Sources */ = {isa = PBXBuildFile; fileRef = 55DD56A71FB0B822008B62BE /* OTPGenerationTests.swift */; };
		553278F91FB1AE83009320F3 /* OTPKeyTests.swift in Sources */ = {isa = PBXBuildFile; fileRef = 55C496A11FB113020034577C /* OTPKeyTests.swift */; };
		553278FA1FB1AE83009320F3 /* OTPKeyURIDecoderTests.swift in Sources */ = {isa = PBXBuildFile; fileRef = 55DDEB8C1FB0ED03004E713B /* OTPKeyURIDecoderTests.swift */; };
		553278FB1FB1AE83009320F3 /* OTPKeyURIEncoderTests.swift in Sources */ = {isa = PBXBuildFile; fileRef = 55EFB10F1FB11A1500801D78 /* OTPKeyURIEncoderTests.swift */; };
		553278FD1FB1AE83009320F3 /* TOTPTestVector.swift in Sources */ = {isa = PBXBuildFile; fileRef = 55DDEB861FB0C6FD004E713B /* TOTPTestVector.swift */; };
		553278FE1FB1AE83009320F3 /* TestUtilities.swift in Sources */ = {isa = PBXBuildFile; fileRef = 5562B4C01FB0A01D000E0F88 /* TestUtilities.swift */; };
		553279001FB1AE84009320F3 /* OTPGenerationTests.swift in Sources */ = {isa = PBXBuildFile; fileRef = 55DD56A71FB0B822008B62BE /* OTPGenerationTests.swift */; };
		553279011FB1AE84009320F3 /* OTPKeyTests.swift in Sources */ = {isa = PBXBuildFile; fileRef = 55C496A11FB113020034577C /* OTPKeyTests.swift */; };
		553279021FB1AE84009320F3 /* OTPKeyURIDecoderTests.swift in Sources */ = {isa = PBXBuildFile; fileRef = 55DDEB8C1FB0ED03004E713B /* OTPKeyURIDecoderTests.swift */; };
		553279031FB1AE84009320F3 /* OTPKeyURIEncoderTests.swift in Sources */ = {isa = PBXBuildFile; fileRef = 55EFB10F1FB11A1500801D78 /* OTPKeyURIEncoderTests.swift */; };
		553279051FB1AE84009320F3 /* TOTPTestVector.swift in Sources */ = {isa = PBXBuildFile; fileRef = 55DDEB861FB0C6FD004E713B /* TOTPTestVector.swift */; };
		553279061FB1AE84009320F3 /* TestUtilities.swift in Sources */ = {isa = PBXBuildFile; fileRef = 5562B4C01FB0A01D000E0F88 /* TestUtilities.swift */; };
		5562B49E1FB087FE000E0F88 /* OTP.framework in Frameworks */ = {isa = PBXBuildFile; fileRef = 5562B4941FB087FE000E0F88 /* OTP.framework */; };
		5562B4A51FB087FF000E0F88 /* OTP.h in Headers */ = {isa = PBXBuildFile; fileRef = 5562B4971FB087FE000E0F88 /* OTP.h */; settings = {ATTRIBUTES = (Public, ); }; };
		5562B4C11FB0A01D000E0F88 /* TestUtilities.swift in Sources */ = {isa = PBXBuildFile; fileRef = 5562B4C01FB0A01D000E0F88 /* TestUtilities.swift */; };
		55C496A01FB1075D0034577C /* OTP+Base32.swift in Sources */ = {isa = PBXBuildFile; fileRef = 55C4969F1FB1075D0034577C /* OTP+Base32.swift */; };
		55C496A21FB113020034577C /* OTPKeyTests.swift in Sources */ = {isa = PBXBuildFile; fileRef = 55C496A11FB113020034577C /* OTPKeyTests.swift */; };
		55C496A41FB116ED0034577C /* OTPKeyURIEncoder.swift in Sources */ = {isa = PBXBuildFile; fileRef = 55C496A31FB116ED0034577C /* OTPKeyURIEncoder.swift */; };
		55DD56A21FB0ADCB008B62BE /* OTPGenerator.swift in Sources */ = {isa = PBXBuildFile; fileRef = 55DD56A11FB0ADCB008B62BE /* OTPGenerator.swift */; };
		55DD56A61FB0B756008B62BE /* OTPGenerationRequest.swift in Sources */ = {isa = PBXBuildFile; fileRef = 55DD56A51FB0B756008B62BE /* OTPGenerationRequest.swift */; };
		55DD56A91FB0B838008B62BE /* OTPGenerationTests.swift in Sources */ = {isa = PBXBuildFile; fileRef = 55DD56A71FB0B822008B62BE /* OTPGenerationTests.swift */; };
		55DDEB871FB0C6FD004E713B /* TOTPTestVector.swift in Sources */ = {isa = PBXBuildFile; fileRef = 55DDEB861FB0C6FD004E713B /* TOTPTestVector.swift */; };
		55DDEB891FB0E987004E713B /* OTPKeyURIDecoder.swift in Sources */ = {isa = PBXBuildFile; fileRef = 55DDEB881FB0E987004E713B /* OTPKeyURIDecoder.swift */; };
		55DDEB8B1FB0EA58004E713B /* OTPKey.swift in Sources */ = {isa = PBXBuildFile; fileRef = 55DDEB8A1FB0EA58004E713B /* OTPKey.swift */; };
		55DDEB8D1FB0ED03004E713B /* OTPKeyURIDecoderTests.swift in Sources */ = {isa = PBXBuildFile; fileRef = 55DDEB8C1FB0ED03004E713B /* OTPKeyURIDecoderTests.swift */; };
		55EFB1101FB11A1500801D78 /* OTPKeyURIEncoderTests.swift in Sources */ = {isa = PBXBuildFile; fileRef = 55EFB10F1FB11A1500801D78 /* OTPKeyURIEncoderTests.swift */; };
/* End PBXBuildFile section */

/* Begin PBXContainerItemProxy section */
		553278E31FB1AD55009320F3 /* PBXContainerItemProxy */ = {
			isa = PBXContainerItemProxy;
			containerPortal = 5562B48B1FB087FE000E0F88 /* Project object */;
			proxyType = 1;
			remoteGlobalIDString = 553278AF1FB1AB76009320F3;
			remoteInfo = "OTP-tvOS";
		};
		553278F21FB1AD64009320F3 /* PBXContainerItemProxy */ = {
			isa = PBXContainerItemProxy;
			containerPortal = 5562B48B1FB087FE000E0F88 /* Project object */;
			proxyType = 1;
			remoteGlobalIDString = 553278C51FB1ABDF009320F3;
			remoteInfo = "OTP-macOS";
		};
		5562B49F1FB087FE000E0F88 /* PBXContainerItemProxy */ = {
			isa = PBXContainerItemProxy;
			containerPortal = 5562B48B1FB087FE000E0F88 /* Project object */;
			proxyType = 1;
			remoteGlobalIDString = 5562B4931FB087FE000E0F88;
			remoteInfo = TOTP;
		};
/* End PBXContainerItemProxy section */

/* Begin PBXCopyFilesBuildPhase section */
		552C7F5C1FB76D8D00D9FD60 /* Embed Frameworks */ = {
			isa = PBXCopyFilesBuildPhase;
			buildActionMask = 2147483647;
			dstPath = "";
			dstSubfolderSpec = 10;
			files = (
				552C7F5F1FB76DD100D9FD60 /* Crypto.framework in Embed Frameworks */,
			);
			name = "Embed Frameworks";
			runOnlyForDeploymentPostprocessing = 0;
		};
		552C7F601FB76DDA00D9FD60 /* Embed Frameworks */ = {
			isa = PBXCopyFilesBuildPhase;
			buildActionMask = 2147483647;
			dstPath = "";
			dstSubfolderSpec = 10;
			files = (
				552C7F611FB76DE700D9FD60 /* Crypto.framework in Embed Frameworks */,
			);
			name = "Embed Frameworks";
			runOnlyForDeploymentPostprocessing = 0;
		};
		552C7F621FB76DEE00D9FD60 /* Embed Frameworks */ = {
			isa = PBXCopyFilesBuildPhase;
			buildActionMask = 2147483647;
			dstPath = "";
			dstSubfolderSpec = 10;
			files = (
				552C7F631FB76DFC00D9FD60 /* Crypto.framework in Embed Frameworks */,
			);
			name = "Embed Frameworks";
			runOnlyForDeploymentPostprocessing = 0;
		};
/* End PBXCopyFilesBuildPhase section */

/* Begin PBXFileReference section */
		552C7F501FB76A4900D9FD60 /* Crypto.framework */ = {isa = PBXFileReference; lastKnownFileType = wrapper.framework; name = Crypto.framework; path = Carthage/Build/iOS/Crypto.framework; sourceTree = "<group>"; };
		552C7F521FB76A6500D9FD60 /* Crypto.framework */ = {isa = PBXFileReference; lastKnownFileType = wrapper.framework; name = Crypto.framework; path = Carthage/Build/Mac/Crypto.framework; sourceTree = "<group>"; };
		552C7F551FB76D4D00D9FD60 /* Crypto.framework */ = {isa = PBXFileReference; lastKnownFileType = wrapper.framework; name = Crypto.framework; path = Carthage/Build/watchOS/Crypto.framework; sourceTree = "<group>"; };
		552C7F591FB76D7600D9FD60 /* Crypto.framework */ = {isa = PBXFileReference; lastKnownFileType = wrapper.framework; name = Crypto.framework; path = Carthage/Build/tvOS/Crypto.framework; sourceTree = "<group>"; };
		5532789C1FB1AAA1009320F3 /* OTP.framework */ = {isa = PBXFileReference; explicitFileType = wrapper.framework; includeInIndex = 0; path = OTP.framework; sourceTree = BUILT_PRODUCTS_DIR; };
		553278B01FB1AB76009320F3 /* OTP.framework */ = {isa = PBXFileReference; explicitFileType = wrapper.framework; includeInIndex = 0; path = OTP.framework; sourceTree = BUILT_PRODUCTS_DIR; };
		553278C61FB1ABDF009320F3 /* OTP.framework */ = {isa = PBXFileReference; explicitFileType = wrapper.framework; includeInIndex = 0; path = OTP.framework; sourceTree = BUILT_PRODUCTS_DIR; };
		553278D71FB1ACAD009320F3 /* OTPTests-Info.plist */ = {isa = PBXFileReference; lastKnownFileType = text.plist.xml; path = "OTPTests-Info.plist"; sourceTree = "<group>"; };
		553278D81FB1ACAD009320F3 /* OTP-Info.plist */ = {isa = PBXFileReference; lastKnownFileType = text.plist.xml; path = "OTP-Info.plist"; sourceTree = "<group>"; };
		553278DD1FB1AD55009320F3 /* OTPTests-tvOS.xctest */ = {isa = PBXFileReference; explicitFileType = wrapper.cfbundle; includeInIndex = 0; path = "OTPTests-tvOS.xctest"; sourceTree = BUILT_PRODUCTS_DIR; };
		553278EC1FB1AD64009320F3 /* OTPTests-macOS.xctest */ = {isa = PBXFileReference; explicitFileType = wrapper.cfbundle; includeInIndex = 0; path = "OTPTests-macOS.xctest"; sourceTree = BUILT_PRODUCTS_DIR; };
		5562B4941FB087FE000E0F88 /* OTP.framework */ = {isa = PBXFileReference; explicitFileType = wrapper.framework; includeInIndex = 0; path = OTP.framework; sourceTree = BUILT_PRODUCTS_DIR; };
		5562B4971FB087FE000E0F88 /* OTP.h */ = {isa = PBXFileReference; lastKnownFileType = sourcecode.c.h; path = OTP.h; sourceTree = "<group>"; };
		5562B49D1FB087FE000E0F88 /* OTPTests-iOS.xctest */ = {isa = PBXFileReference; explicitFileType = wrapper.cfbundle; includeInIndex = 0; path = "OTPTests-iOS.xctest"; sourceTree = BUILT_PRODUCTS_DIR; };
		5562B4C01FB0A01D000E0F88 /* TestUtilities.swift */ = {isa = PBXFileReference; lastKnownFileType = sourcecode.swift; path = TestUtilities.swift; sourceTree = "<group>"; };
		55C4969F1FB1075D0034577C /* OTP+Base32.swift */ = {isa = PBXFileReference; lastKnownFileType = sourcecode.swift; path = "OTP+Base32.swift"; sourceTree = "<group>"; };
		55C496A11FB113020034577C /* OTPKeyTests.swift */ = {isa = PBXFileReference; lastKnownFileType = sourcecode.swift; path = OTPKeyTests.swift; sourceTree = "<group>"; };
		55C496A31FB116ED0034577C /* OTPKeyURIEncoder.swift */ = {isa = PBXFileReference; lastKnownFileType = sourcecode.swift; path = OTPKeyURIEncoder.swift; sourceTree = "<group>"; };
		55DD56A11FB0ADCB008B62BE /* OTPGenerator.swift */ = {isa = PBXFileReference; lastKnownFileType = sourcecode.swift; path = OTPGenerator.swift; sourceTree = "<group>"; };
		55DD56A51FB0B756008B62BE /* OTPGenerationRequest.swift */ = {isa = PBXFileReference; lastKnownFileType = sourcecode.swift; path = OTPGenerationRequest.swift; sourceTree = "<group>"; };
		55DD56A71FB0B822008B62BE /* OTPGenerationTests.swift */ = {isa = PBXFileReference; lastKnownFileType = sourcecode.swift; path = OTPGenerationTests.swift; sourceTree = "<group>"; };
		55DDEB861FB0C6FD004E713B /* TOTPTestVector.swift */ = {isa = PBXFileReference; lastKnownFileType = sourcecode.swift; path = TOTPTestVector.swift; sourceTree = "<group>"; };
		55DDEB881FB0E987004E713B /* OTPKeyURIDecoder.swift */ = {isa = PBXFileReference; lastKnownFileType = sourcecode.swift; path = OTPKeyURIDecoder.swift; sourceTree = "<group>"; };
		55DDEB8A1FB0EA58004E713B /* OTPKey.swift */ = {isa = PBXFileReference; lastKnownFileType = sourcecode.swift; path = OTPKey.swift; sourceTree = "<group>"; };
		55DDEB8C1FB0ED03004E713B /* OTPKeyURIDecoderTests.swift */ = {isa = PBXFileReference; lastKnownFileType = sourcecode.swift; path = OTPKeyURIDecoderTests.swift; sourceTree = "<group>"; };
		55EFB10F1FB11A1500801D78 /* OTPKeyURIEncoderTests.swift */ = {isa = PBXFileReference; lastKnownFileType = sourcecode.swift; path = OTPKeyURIEncoderTests.swift; sourceTree = "<group>"; };
/* End PBXFileReference section */

/* Begin PBXFrameworksBuildPhase section */
		553278981FB1AAA1009320F3 /* Frameworks */ = {
			isa = PBXFrameworksBuildPhase;
			buildActionMask = 2147483647;
			files = (
				552C7F581FB76D6800D9FD60 /* Crypto.framework in Frameworks */,
			);
			runOnlyForDeploymentPostprocessing = 0;
		};
		553278AC1FB1AB76009320F3 /* Frameworks */ = {
			isa = PBXFrameworksBuildPhase;
			buildActionMask = 2147483647;
			files = (
				552C7F5A1FB76D7600D9FD60 /* Crypto.framework in Frameworks */,
			);
			runOnlyForDeploymentPostprocessing = 0;
		};
		553278C21FB1ABDF009320F3 /* Frameworks */ = {
			isa = PBXFrameworksBuildPhase;
			buildActionMask = 2147483647;
			files = (
				552C7F5B1FB76D8400D9FD60 /* Crypto.framework in Frameworks */,
			);
			runOnlyForDeploymentPostprocessing = 0;
		};
		553278DA1FB1AD55009320F3 /* Frameworks */ = {
			isa = PBXFrameworksBuildPhase;
			buildActionMask = 2147483647;
			files = (
				552C7F651FB76EAD00D9FD60 /* Crypto.framework in Frameworks */,
				553278E21FB1AD55009320F3 /* OTP.framework in Frameworks */,
			);
			runOnlyForDeploymentPostprocessing = 0;
		};
		553278E91FB1AD64009320F3 /* Frameworks */ = {
			isa = PBXFrameworksBuildPhase;
			buildActionMask = 2147483647;
			files = (
				552C7F641FB76E9E00D9FD60 /* Crypto.framework in Frameworks */,
				553278F11FB1AD64009320F3 /* OTP.framework in Frameworks */,
			);
			runOnlyForDeploymentPostprocessing = 0;
		};
		5562B4901FB087FE000E0F88 /* Frameworks */ = {
			isa = PBXFrameworksBuildPhase;
			buildActionMask = 2147483647;
			files = (
				552C7F571FB76D5D00D9FD60 /* Crypto.framework in Frameworks */,
			);
			runOnlyForDeploymentPostprocessing = 0;
		};
		5562B49A1FB087FE000E0F88 /* Frameworks */ = {
			isa = PBXFrameworksBuildPhase;
			buildActionMask = 2147483647;
			files = (
				552C7F661FB76EB700D9FD60 /* Crypto.framework in Frameworks */,
				5562B49E1FB087FE000E0F88 /* OTP.framework in Frameworks */,
			);
			runOnlyForDeploymentPostprocessing = 0;
		};
/* End PBXFrameworksBuildPhase section */

/* Begin PBXGroup section */
		552C7F4F1FB76A4900D9FD60 /* Frameworks */ = {
			isa = PBXGroup;
			children = (
				552C7F591FB76D7600D9FD60 /* Crypto.framework */,
				552C7F551FB76D4D00D9FD60 /* Crypto.framework */,
				552C7F521FB76A6500D9FD60 /* Crypto.framework */,
				552C7F501FB76A4900D9FD60 /* Crypto.framework */,
			);
			name = Frameworks;
			sourceTree = "<group>";
		};
		553278D61FB1ACAD009320F3 /* Configs */ = {
			isa = PBXGroup;
			children = (
				553278D81FB1ACAD009320F3 /* OTP-Info.plist */,
				553278D71FB1ACAD009320F3 /* OTPTests-Info.plist */,
			);
			path = Configs;
			sourceTree = "<group>";
		};
		5562B48A1FB087FE000E0F88 = {
			isa = PBXGroup;
			children = (
				553278D61FB1ACAD009320F3 /* Configs */,
				5562B4961FB087FE000E0F88 /* Sources */,
				5562B4A11FB087FE000E0F88 /* Tests */,
				5562B4951FB087FE000E0F88 /* Products */,
				552C7F4F1FB76A4900D9FD60 /* Frameworks */,
			);
			sourceTree = "<group>";
		};
		5562B4951FB087FE000E0F88 /* Products */ = {
			isa = PBXGroup;
			children = (
				5562B4941FB087FE000E0F88 /* OTP.framework */,
				5562B49D1FB087FE000E0F88 /* OTPTests-iOS.xctest */,
				5532789C1FB1AAA1009320F3 /* OTP.framework */,
				553278B01FB1AB76009320F3 /* OTP.framework */,
				553278C61FB1ABDF009320F3 /* OTP.framework */,
				553278DD1FB1AD55009320F3 /* OTPTests-tvOS.xctest */,
				553278EC1FB1AD64009320F3 /* OTPTests-macOS.xctest */,
			);
			name = Products;
			sourceTree = "<group>";
		};
		5562B4961FB087FE000E0F88 /* Sources */ = {
			isa = PBXGroup;
			children = (
				5562B4971FB087FE000E0F88 /* OTP.h */,
				55DD56A11FB0ADCB008B62BE /* OTPGenerator.swift */,
				55DD56A51FB0B756008B62BE /* OTPGenerationRequest.swift */,
				55DDEB8A1FB0EA58004E713B /* OTPKey.swift */,
				55DDEB881FB0E987004E713B /* OTPKeyURIDecoder.swift */,
				55C496A31FB116ED0034577C /* OTPKeyURIEncoder.swift */,
				55C4969F1FB1075D0034577C /* OTP+Base32.swift */,
			);
			path = Sources;
			sourceTree = "<group>";
		};
		5562B4A11FB087FE000E0F88 /* Tests */ = {
			isa = PBXGroup;
			children = (
				55DD56A71FB0B822008B62BE /* OTPGenerationTests.swift */,
				55C496A11FB113020034577C /* OTPKeyTests.swift */,
				55DDEB8C1FB0ED03004E713B /* OTPKeyURIDecoderTests.swift */,
				55EFB10F1FB11A1500801D78 /* OTPKeyURIEncoderTests.swift */,
				55DDEB861FB0C6FD004E713B /* TOTPTestVector.swift */,
				5562B4C01FB0A01D000E0F88 /* TestUtilities.swift */,
			);
			path = Tests;
			sourceTree = "<group>";
		};
/* End PBXGroup section */

/* Begin PBXHeadersBuildPhase section */
		553278991FB1AAA1009320F3 /* Headers */ = {
			isa = PBXHeadersBuildPhase;
			buildActionMask = 2147483647;
			files = (
				553278BF1FB1ABC4009320F3 /* OTP.h in Headers */,
			);
			runOnlyForDeploymentPostprocessing = 0;
		};
		553278AD1FB1AB76009320F3 /* Headers */ = {
			isa = PBXHeadersBuildPhase;
			buildActionMask = 2147483647;
			files = (
				553278C01FB1ABC4009320F3 /* OTP.h in Headers */,
			);
			runOnlyForDeploymentPostprocessing = 0;
		};
		553278C31FB1ABDF009320F3 /* Headers */ = {
			isa = PBXHeadersBuildPhase;
			buildActionMask = 2147483647;
			files = (
				553278D51FB1AC1E009320F3 /* OTP.h in Headers */,
			);
			runOnlyForDeploymentPostprocessing = 0;
		};
		5562B4911FB087FE000E0F88 /* Headers */ = {
			isa = PBXHeadersBuildPhase;
			buildActionMask = 2147483647;
			files = (
				5562B4A51FB087FF000E0F88 /* OTP.h in Headers */,
			);
			runOnlyForDeploymentPostprocessing = 0;
		};
/* End PBXHeadersBuildPhase section */

/* Begin PBXNativeTarget section */
		5532789B1FB1AAA1009320F3 /* OTP-watchOS */ = {
			isa = PBXNativeTarget;
			buildConfigurationList = 553278A11FB1AAA1009320F3 /* Build configuration list for PBXNativeTarget "OTP-watchOS" */;
			buildPhases = (
				553278971FB1AAA1009320F3 /* Sources */,
				553278981FB1AAA1009320F3 /* Frameworks */,
				553278991FB1AAA1009320F3 /* Headers */,
				5532789A1FB1AAA1009320F3 /* Resources */,
			);
			buildRules = (
			);
			dependencies = (
			);
			name = "OTP-watchOS";
			productName = "OTP-watchOS";
			productReference = 5532789C1FB1AAA1009320F3 /* OTP.framework */;
			productType = "com.apple.product-type.framework";
		};
		553278AF1FB1AB76009320F3 /* OTP-tvOS */ = {
			isa = PBXNativeTarget;
			buildConfigurationList = 553278B51FB1AB76009320F3 /* Build configuration list for PBXNativeTarget "OTP-tvOS" */;
			buildPhases = (
				553278AB1FB1AB76009320F3 /* Sources */,
				553278AC1FB1AB76009320F3 /* Frameworks */,
				553278AD1FB1AB76009320F3 /* Headers */,
				553278AE1FB1AB76009320F3 /* Resources */,
			);
			buildRules = (
			);
			dependencies = (
			);
			name = "OTP-tvOS";
			productName = "OTP-tvOS";
			productReference = 553278B01FB1AB76009320F3 /* OTP.framework */;
			productType = "com.apple.product-type.framework";
		};
		553278C51FB1ABDF009320F3 /* OTP-macOS */ = {
			isa = PBXNativeTarget;
			buildConfigurationList = 553278CB1FB1ABDF009320F3 /* Build configuration list for PBXNativeTarget "OTP-macOS" */;
			buildPhases = (
				553278C11FB1ABDF009320F3 /* Sources */,
				553278C21FB1ABDF009320F3 /* Frameworks */,
				553278C31FB1ABDF009320F3 /* Headers */,
				553278C41FB1ABDF009320F3 /* Resources */,
			);
			buildRules = (
			);
			dependencies = (
			);
			name = "OTP-macOS";
			productName = "OTP-macOS";
			productReference = 553278C61FB1ABDF009320F3 /* OTP.framework */;
			productType = "com.apple.product-type.framework";
		};
		553278DC1FB1AD55009320F3 /* OTPTests-tvOS */ = {
			isa = PBXNativeTarget;
			buildConfigurationList = 553278E51FB1AD55009320F3 /* Build configuration list for PBXNativeTarget "OTPTests-tvOS" */;
			buildPhases = (
				553278D91FB1AD55009320F3 /* Sources */,
				553278DA1FB1AD55009320F3 /* Frameworks */,
				553278DB1FB1AD55009320F3 /* Resources */,
				552C7F601FB76DDA00D9FD60 /* Embed Frameworks */,
			);
			buildRules = (
			);
			dependencies = (
				553278E41FB1AD55009320F3 /* PBXTargetDependency */,
			);
			name = "OTPTests-tvOS";
			productName = "OTPTests-tvOS";
			productReference = 553278DD1FB1AD55009320F3 /* OTPTests-tvOS.xctest */;
			productType = "com.apple.product-type.bundle.unit-test";
		};
		553278EB1FB1AD64009320F3 /* OTPTests-macOS */ = {
			isa = PBXNativeTarget;
			buildConfigurationList = 553278F41FB1AD64009320F3 /* Build configuration list for PBXNativeTarget "OTPTests-macOS" */;
			buildPhases = (
				553278E81FB1AD64009320F3 /* Sources */,
				553278E91FB1AD64009320F3 /* Frameworks */,
				553278EA1FB1AD64009320F3 /* Resources */,
				552C7F621FB76DEE00D9FD60 /* Embed Frameworks */,
			);
			buildRules = (
			);
			dependencies = (
				553278F31FB1AD64009320F3 /* PBXTargetDependency */,
			);
			name = "OTPTests-macOS";
			productName = "OTPTests-macOS";
			productReference = 553278EC1FB1AD64009320F3 /* OTPTests-macOS.xctest */;
			productType = "com.apple.product-type.bundle.unit-test";
		};
		5562B4931FB087FE000E0F88 /* OTP-iOS */ = {
			isa = PBXNativeTarget;
			buildConfigurationList = 5562B4A81FB087FF000E0F88 /* Build configuration list for PBXNativeTarget "OTP-iOS" */;
			buildPhases = (
				5562B48F1FB087FE000E0F88 /* Sources */,
				5562B4901FB087FE000E0F88 /* Frameworks */,
				5562B4911FB087FE000E0F88 /* Headers */,
				5562B4921FB087FE000E0F88 /* Resources */,
			);
			buildRules = (
			);
			dependencies = (
			);
			name = "OTP-iOS";
			productName = TOTP;
			productReference = 5562B4941FB087FE000E0F88 /* OTP.framework */;
			productType = "com.apple.product-type.framework";
		};
		5562B49C1FB087FE000E0F88 /* OTPTests-iOS */ = {
			isa = PBXNativeTarget;
			buildConfigurationList = 5562B4AB1FB087FF000E0F88 /* Build configuration list for PBXNativeTarget "OTPTests-iOS" */;
			buildPhases = (
				5562B4991FB087FE000E0F88 /* Sources */,
				5562B49A1FB087FE000E0F88 /* Frameworks */,
				5562B49B1FB087FE000E0F88 /* Resources */,
				552C7F5C1FB76D8D00D9FD60 /* Embed Frameworks */,
			);
			buildRules = (
			);
			dependencies = (
				5562B4A01FB087FE000E0F88 /* PBXTargetDependency */,
			);
			name = "OTPTests-iOS";
			productName = TOTPTests;
			productReference = 5562B49D1FB087FE000E0F88 /* OTPTests-iOS.xctest */;
			productType = "com.apple.product-type.bundle.unit-test";
		};
/* End PBXNativeTarget section */

/* Begin PBXProject section */
		5562B48B1FB087FE000E0F88 /* Project object */ = {
			isa = PBXProject;
			attributes = {
				LastSwiftUpdateCheck = 0920;
				LastUpgradeCheck = 0920;
				ORGANIZATIONNAME = "AURA Media";
				TargetAttributes = {
					5532789B1FB1AAA1009320F3 = {
						CreatedOnToolsVersion = 9.2;
						ProvisioningStyle = Manual;
					};
					553278AF1FB1AB76009320F3 = {
						CreatedOnToolsVersion = 9.2;
						ProvisioningStyle = Manual;
					};
					553278C51FB1ABDF009320F3 = {
						CreatedOnToolsVersion = 9.2;
						ProvisioningStyle = Manual;
					};
					553278DC1FB1AD55009320F3 = {
						CreatedOnToolsVersion = 9.2;
						ProvisioningStyle = Manual;
					};
					553278EB1FB1AD64009320F3 = {
						CreatedOnToolsVersion = 9.2;
						ProvisioningStyle = Manual;
					};
					5562B4931FB087FE000E0F88 = {
						CreatedOnToolsVersion = 9.2;
						LastSwiftMigration = 0920;
						ProvisioningStyle = Manual;
					};
					5562B49C1FB087FE000E0F88 = {
						CreatedOnToolsVersion = 9.2;
						ProvisioningStyle = Manual;
					};
				};
			};
			buildConfigurationList = 5562B48E1FB087FE000E0F88 /* Build configuration list for PBXProject "OTP" */;
			compatibilityVersion = "Xcode 8.0";
			developmentRegion = en;
			hasScannedForEncodings = 0;
			knownRegions = (
				en,
			);
			mainGroup = 5562B48A1FB087FE000E0F88;
			productRefGroup = 5562B4951FB087FE000E0F88 /* Products */;
			projectDirPath = "";
			projectRoot = "";
			targets = (
				5562B4931FB087FE000E0F88 /* OTP-iOS */,
				5532789B1FB1AAA1009320F3 /* OTP-watchOS */,
				553278AF1FB1AB76009320F3 /* OTP-tvOS */,
				553278C51FB1ABDF009320F3 /* OTP-macOS */,
				5562B49C1FB087FE000E0F88 /* OTPTests-iOS */,
				553278DC1FB1AD55009320F3 /* OTPTests-tvOS */,
				553278EB1FB1AD64009320F3 /* OTPTests-macOS */,
			);
		};
/* End PBXProject section */

/* Begin PBXResourcesBuildPhase section */
		5532789A1FB1AAA1009320F3 /* Resources */ = {
			isa = PBXResourcesBuildPhase;
			buildActionMask = 2147483647;
			files = (
			);
			runOnlyForDeploymentPostprocessing = 0;
		};
		553278AE1FB1AB76009320F3 /* Resources */ = {
			isa = PBXResourcesBuildPhase;
			buildActionMask = 2147483647;
			files = (
			);
			runOnlyForDeploymentPostprocessing = 0;
		};
		553278C41FB1ABDF009320F3 /* Resources */ = {
			isa = PBXResourcesBuildPhase;
			buildActionMask = 2147483647;
			files = (
			);
			runOnlyForDeploymentPostprocessing = 0;
		};
		553278DB1FB1AD55009320F3 /* Resources */ = {
			isa = PBXResourcesBuildPhase;
			buildActionMask = 2147483647;
			files = (
			);
			runOnlyForDeploymentPostprocessing = 0;
		};
		553278EA1FB1AD64009320F3 /* Resources */ = {
			isa = PBXResourcesBuildPhase;
			buildActionMask = 2147483647;
			files = (
			);
			runOnlyForDeploymentPostprocessing = 0;
		};
		5562B4921FB087FE000E0F88 /* Resources */ = {
			isa = PBXResourcesBuildPhase;
			buildActionMask = 2147483647;
			files = (
			);
			runOnlyForDeploymentPostprocessing = 0;
		};
		5562B49B1FB087FE000E0F88 /* Resources */ = {
			isa = PBXResourcesBuildPhase;
			buildActionMask = 2147483647;
			files = (
			);
			runOnlyForDeploymentPostprocessing = 0;
		};
/* End PBXResourcesBuildPhase section */

/* Begin PBXSourcesBuildPhase section */
		553278971FB1AAA1009320F3 /* Sources */ = {
			isa = PBXSourcesBuildPhase;
			buildActionMask = 2147483647;
			files = (
				553278AA1FB1AB05009320F3 /* OTP+Base32.swift in Sources */,
				553278A51FB1AB05009320F3 /* OTPGenerator.swift in Sources */,
				553278A81FB1AB05009320F3 /* OTPKeyURIDecoder.swift in Sources */,
				553278A91FB1AB05009320F3 /* OTPKeyURIEncoder.swift in Sources */,
				553278A61FB1AB05009320F3 /* OTPGenerationRequest.swift in Sources */,
				553278A71FB1AB05009320F3 /* OTPKey.swift in Sources */,
			);
			runOnlyForDeploymentPostprocessing = 0;
		};
		553278AB1FB1AB76009320F3 /* Sources */ = {
			isa = PBXSourcesBuildPhase;
			buildActionMask = 2147483647;
			files = (
				553278BE1FB1ABA0009320F3 /* OTP+Base32.swift in Sources */,
				553278B91FB1ABA0009320F3 /* OTPGenerator.swift in Sources */,
				553278BC1FB1ABA0009320F3 /* OTPKeyURIDecoder.swift in Sources */,
				553278BD1FB1ABA0009320F3 /* OTPKeyURIEncoder.swift in Sources */,
				553278BA1FB1ABA0009320F3 /* OTPGenerationRequest.swift in Sources */,
				553278BB1FB1ABA0009320F3 /* OTPKey.swift in Sources */,
			);
			runOnlyForDeploymentPostprocessing = 0;
		};
		553278C11FB1ABDF009320F3 /* Sources */ = {
			isa = PBXSourcesBuildPhase;
			buildActionMask = 2147483647;
			files = (
				553278D41FB1AC1A009320F3 /* OTP+Base32.swift in Sources */,
				553278CF1FB1AC1A009320F3 /* OTPGenerator.swift in Sources */,
				553278D21FB1AC1A009320F3 /* OTPKeyURIDecoder.swift in Sources */,
				553278D31FB1AC1A009320F3 /* OTPKeyURIEncoder.swift in Sources */,
				553278D01FB1AC1A009320F3 /* OTPGenerationRequest.swift in Sources */,
				553278D11FB1AC1A009320F3 /* OTPKey.swift in Sources */,
			);
			runOnlyForDeploymentPostprocessing = 0;
		};
		553278D91FB1AD55009320F3 /* Sources */ = {
			isa = PBXSourcesBuildPhase;
			buildActionMask = 2147483647;
			files = (
				553278F91FB1AE83009320F3 /* OTPKeyTests.swift in Sources */,
				553278FE1FB1AE83009320F3 /* TestUtilities.swift in Sources */,
				553278F81FB1AE83009320F3 /* OTPGenerationTests.swift in Sources */,
				553278FB1FB1AE83009320F3 /* OTPKeyURIEncoderTests.swift in Sources */,
				553278FA1FB1AE83009320F3 /* OTPKeyURIDecoderTests.swift in Sources */,
				553278FD1FB1AE83009320F3 /* TOTPTestVector.swift in Sources */,
			);
			runOnlyForDeploymentPostprocessing = 0;
		};
		553278E81FB1AD64009320F3 /* Sources */ = {
			isa = PBXSourcesBuildPhase;
			buildActionMask = 2147483647;
			files = (
				553279011FB1AE84009320F3 /* OTPKeyTests.swift in Sources */,
				553279061FB1AE84009320F3 /* TestUtilities.swift in Sources */,
				553279001FB1AE84009320F3 /* OTPGenerationTests.swift in Sources */,
				553279031FB1AE84009320F3 /* OTPKeyURIEncoderTests.swift in Sources */,
				553279021FB1AE84009320F3 /* OTPKeyURIDecoderTests.swift in Sources */,
				553279051FB1AE84009320F3 /* TOTPTestVector.swift in Sources */,
			);
			runOnlyForDeploymentPostprocessing = 0;
		};
		5562B48F1FB087FE000E0F88 /* Sources */ = {
			isa = PBXSourcesBuildPhase;
			buildActionMask = 2147483647;
			files = (
				55C496A41FB116ED0034577C /* OTPKeyURIEncoder.swift in Sources */,
				55DD56A61FB0B756008B62BE /* OTPGenerationRequest.swift in Sources */,
				55C496A01FB1075D0034577C /* OTP+Base32.swift in Sources */,
				55DDEB891FB0E987004E713B /* OTPKeyURIDecoder.swift in Sources */,
				55DD56A21FB0ADCB008B62BE /* OTPGenerator.swift in Sources */,
				55DDEB8B1FB0EA58004E713B /* OTPKey.swift in Sources */,
			);
			runOnlyForDeploymentPostprocessing = 0;
		};
		5562B4991FB087FE000E0F88 /* Sources */ = {
			isa = PBXSourcesBuildPhase;
			buildActionMask = 2147483647;
			files = (
				55DDEB871FB0C6FD004E713B /* TOTPTestVector.swift in Sources */,
				55C496A21FB113020034577C /* OTPKeyTests.swift in Sources */,
				5562B4C11FB0A01D000E0F88 /* TestUtilities.swift in Sources */,
				55DD56A91FB0B838008B62BE /* OTPGenerationTests.swift in Sources */,
				55DDEB8D1FB0ED03004E713B /* OTPKeyURIDecoderTests.swift in Sources */,
				55EFB1101FB11A1500801D78 /* OTPKeyURIEncoderTests.swift in Sources */,
			);
			runOnlyForDeploymentPostprocessing = 0;
		};
/* End PBXSourcesBuildPhase section */

/* Begin PBXTargetDependency section */
		553278E41FB1AD55009320F3 /* PBXTargetDependency */ = {
			isa = PBXTargetDependency;
			target = 553278AF1FB1AB76009320F3 /* OTP-tvOS */;
			targetProxy = 553278E31FB1AD55009320F3 /* PBXContainerItemProxy */;
		};
		553278F31FB1AD64009320F3 /* PBXTargetDependency */ = {
			isa = PBXTargetDependency;
			target = 553278C51FB1ABDF009320F3 /* OTP-macOS */;
			targetProxy = 553278F21FB1AD64009320F3 /* PBXContainerItemProxy */;
		};
		5562B4A01FB087FE000E0F88 /* PBXTargetDependency */ = {
			isa = PBXTargetDependency;
			target = 5562B4931FB087FE000E0F88 /* OTP-iOS */;
			targetProxy = 5562B49F1FB087FE000E0F88 /* PBXContainerItemProxy */;
		};
/* End PBXTargetDependency section */

/* Begin XCBuildConfiguration section */
		553278A21FB1AAA1009320F3 /* Debug */ = {
			isa = XCBuildConfiguration;
			buildSettings = {
				APPLICATION_EXTENSION_API_ONLY = YES;
				CODE_SIGN_IDENTITY = "";
				CODE_SIGN_STYLE = Manual;
				DEFINES_MODULE = YES;
				DEVELOPMENT_TEAM = "";
				DYLIB_COMPATIBILITY_VERSION = 1;
				DYLIB_CURRENT_VERSION = 1;
				DYLIB_INSTALL_NAME_BASE = "@rpath";
				FRAMEWORK_SEARCH_PATHS = (
					"$(inherited)",
					"$(PROJECT_DIR)/Carthage/Build/Mac",
					"$(PROJECT_DIR)/Carthage/Build/watchOS",
				);
				INFOPLIST_FILE = "$(SRCROOT)/Configs/OTP-Info.plist";
				INSTALL_PATH = "$(LOCAL_LIBRARY_DIR)/Frameworks";
				LD_RUNPATH_SEARCH_PATHS = "$(inherited) @executable_path/Frameworks @loader_path/Frameworks";
				PRODUCT_BUNDLE_IDENTIFIER = "com.OTP.OTP-watchOS";
				PRODUCT_NAME = OTP;
				PROVISIONING_PROFILE_SPECIFIER = "";
				SDKROOT = watchos;
				SKIP_INSTALL = YES;
				SWIFT_VERSION = 4.0;
				TARGETED_DEVICE_FAMILY = 4;
				WATCHOS_DEPLOYMENT_TARGET = 2.0;
			};
			name = Debug;
		};
		553278A31FB1AAA1009320F3 /* Release */ = {
			isa = XCBuildConfiguration;
			buildSettings = {
				APPLICATION_EXTENSION_API_ONLY = YES;
				CODE_SIGN_IDENTITY = "";
				CODE_SIGN_STYLE = Manual;
				DEFINES_MODULE = YES;
				DEVELOPMENT_TEAM = "";
				DYLIB_COMPATIBILITY_VERSION = 1;
				DYLIB_CURRENT_VERSION = 1;
				DYLIB_INSTALL_NAME_BASE = "@rpath";
				FRAMEWORK_SEARCH_PATHS = (
					"$(inherited)",
					"$(PROJECT_DIR)/Carthage/Build/Mac",
					"$(PROJECT_DIR)/Carthage/Build/watchOS",
				);
				INFOPLIST_FILE = "$(SRCROOT)/Configs/OTP-Info.plist";
				INSTALL_PATH = "$(LOCAL_LIBRARY_DIR)/Frameworks";
				LD_RUNPATH_SEARCH_PATHS = "$(inherited) @executable_path/Frameworks @loader_path/Frameworks";
				PRODUCT_BUNDLE_IDENTIFIER = "com.OTP.OTP-watchOS";
				PRODUCT_NAME = OTP;
				PROVISIONING_PROFILE_SPECIFIER = "";
				SDKROOT = watchos;
				SKIP_INSTALL = YES;
				SWIFT_VERSION = 4.0;
				TARGETED_DEVICE_FAMILY = 4;
				WATCHOS_DEPLOYMENT_TARGET = 2.0;
			};
			name = Release;
		};
		553278B61FB1AB76009320F3 /* Debug */ = {
			isa = XCBuildConfiguration;
			buildSettings = {
				APPLICATION_EXTENSION_API_ONLY = YES;
				CODE_SIGN_IDENTITY = "";
				CODE_SIGN_STYLE = Manual;
				DEFINES_MODULE = YES;
				DEVELOPMENT_TEAM = "";
				DYLIB_COMPATIBILITY_VERSION = 1;
				DYLIB_CURRENT_VERSION = 1;
				DYLIB_INSTALL_NAME_BASE = "@rpath";
				FRAMEWORK_SEARCH_PATHS = (
					"$(inherited)",
					"$(PROJECT_DIR)/Carthage/Build/tvOS",
				);
				INFOPLIST_FILE = "$(SRCROOT)/Configs/OTP-Info.plist";
				INSTALL_PATH = "$(LOCAL_LIBRARY_DIR)/Frameworks";
				LD_RUNPATH_SEARCH_PATHS = "$(inherited) @executable_path/Frameworks @loader_path/Frameworks";
				PRODUCT_BUNDLE_IDENTIFIER = "com.OTP.OTP-tvOS";
				PRODUCT_NAME = OTP;
				PROVISIONING_PROFILE_SPECIFIER = "";
				SDKROOT = appletvos;
				SKIP_INSTALL = YES;
				SWIFT_VERSION = 4.0;
				TARGETED_DEVICE_FAMILY = 3;
				TVOS_DEPLOYMENT_TARGET = 9.0;
			};
			name = Debug;
		};
		553278B71FB1AB76009320F3 /* Release */ = {
			isa = XCBuildConfiguration;
			buildSettings = {
				APPLICATION_EXTENSION_API_ONLY = YES;
				CODE_SIGN_IDENTITY = "";
				CODE_SIGN_STYLE = Manual;
				DEFINES_MODULE = YES;
				DEVELOPMENT_TEAM = "";
				DYLIB_COMPATIBILITY_VERSION = 1;
				DYLIB_CURRENT_VERSION = 1;
				DYLIB_INSTALL_NAME_BASE = "@rpath";
				FRAMEWORK_SEARCH_PATHS = (
					"$(inherited)",
					"$(PROJECT_DIR)/Carthage/Build/tvOS",
				);
				INFOPLIST_FILE = "$(SRCROOT)/Configs/OTP-Info.plist";
				INSTALL_PATH = "$(LOCAL_LIBRARY_DIR)/Frameworks";
				LD_RUNPATH_SEARCH_PATHS = "$(inherited) @executable_path/Frameworks @loader_path/Frameworks";
				PRODUCT_BUNDLE_IDENTIFIER = "com.OTP.OTP-tvOS";
				PRODUCT_NAME = OTP;
				PROVISIONING_PROFILE_SPECIFIER = "";
				SDKROOT = appletvos;
				SKIP_INSTALL = YES;
				SWIFT_VERSION = 4.0;
				TARGETED_DEVICE_FAMILY = 3;
				TVOS_DEPLOYMENT_TARGET = 9.0;
			};
			name = Release;
		};
		553278CC1FB1ABDF009320F3 /* Debug */ = {
			isa = XCBuildConfiguration;
			buildSettings = {
				APPLICATION_EXTENSION_API_ONLY = YES;
				CODE_SIGN_IDENTITY = "Mac Developer";
				CODE_SIGN_STYLE = Manual;
				COMBINE_HIDPI_IMAGES = YES;
				DEFINES_MODULE = YES;
				DEVELOPMENT_TEAM = "";
				DYLIB_COMPATIBILITY_VERSION = 1;
				DYLIB_CURRENT_VERSION = 1;
				DYLIB_INSTALL_NAME_BASE = "@rpath";
				FRAMEWORK_SEARCH_PATHS = (
					"$(inherited)",
					"$(PROJECT_DIR)/Carthage/Build/Mac",
				);
				FRAMEWORK_VERSION = A;
				INFOPLIST_FILE = "$(SRCROOT)/Configs/OTP-Info.plist";
				INSTALL_PATH = "$(LOCAL_LIBRARY_DIR)/Frameworks";
				LD_RUNPATH_SEARCH_PATHS = "$(inherited) @executable_path/../Frameworks @loader_path/Frameworks";
				MACOSX_DEPLOYMENT_TARGET = 10.10;
				PRODUCT_BUNDLE_IDENTIFIER = "com.OTP.OTP-macOS";
				PRODUCT_NAME = OTP;
				PROVISIONING_PROFILE_SPECIFIER = "";
				SDKROOT = macosx;
				SKIP_INSTALL = YES;
				SWIFT_VERSION = 4.0;
			};
			name = Debug;
		};
		553278CD1FB1ABDF009320F3 /* Release */ = {
			isa = XCBuildConfiguration;
			buildSettings = {
				APPLICATION_EXTENSION_API_ONLY = YES;
				CODE_SIGN_IDENTITY = "Mac Developer";
				CODE_SIGN_STYLE = Manual;
				COMBINE_HIDPI_IMAGES = YES;
				DEFINES_MODULE = YES;
				DEVELOPMENT_TEAM = "";
				DYLIB_COMPATIBILITY_VERSION = 1;
				DYLIB_CURRENT_VERSION = 1;
				DYLIB_INSTALL_NAME_BASE = "@rpath";
				FRAMEWORK_SEARCH_PATHS = (
					"$(inherited)",
					"$(PROJECT_DIR)/Carthage/Build/Mac",
				);
				FRAMEWORK_VERSION = A;
				INFOPLIST_FILE = "$(SRCROOT)/Configs/OTP-Info.plist";
				INSTALL_PATH = "$(LOCAL_LIBRARY_DIR)/Frameworks";
				LD_RUNPATH_SEARCH_PATHS = "$(inherited) @executable_path/../Frameworks @loader_path/Frameworks";
				MACOSX_DEPLOYMENT_TARGET = 10.10;
				PRODUCT_BUNDLE_IDENTIFIER = "com.OTP.OTP-macOS";
				PRODUCT_NAME = OTP;
				PROVISIONING_PROFILE_SPECIFIER = "";
				SDKROOT = macosx;
				SKIP_INSTALL = YES;
				SWIFT_VERSION = 4.0;
			};
			name = Release;
		};
		553278E61FB1AD55009320F3 /* Debug */ = {
			isa = XCBuildConfiguration;
			buildSettings = {
				ALWAYS_EMBED_SWIFT_STANDARD_LIBRARIES = YES;
				CODE_SIGN_IDENTITY = "";
				CODE_SIGN_STYLE = Manual;
				FRAMEWORK_SEARCH_PATHS = (
					"$(inherited)",
					"$(PROJECT_DIR)/Carthage/Build/tvOS",
				);
				INFOPLIST_FILE = "$(SRCROOT)/Configs/OTPTests-Info.plist";
				LD_RUNPATH_SEARCH_PATHS = "$(inherited) @executable_path/Frameworks @loader_path/Frameworks";
				PRODUCT_BUNDLE_IDENTIFIER = "com.OTP.OTPTests-tvOS";
				PRODUCT_NAME = "$(TARGET_NAME)";
				SDKROOT = appletvos;
				SWIFT_VERSION = 4.0;
				TARGETED_DEVICE_FAMILY = 3;
				TVOS_DEPLOYMENT_TARGET = 9.0;
			};
			name = Debug;
		};
		553278E71FB1AD55009320F3 /* Release */ = {
			isa = XCBuildConfiguration;
			buildSettings = {
				ALWAYS_EMBED_SWIFT_STANDARD_LIBRARIES = YES;
				CODE_SIGN_IDENTITY = "";
				CODE_SIGN_STYLE = Manual;
				FRAMEWORK_SEARCH_PATHS = (
					"$(inherited)",
					"$(PROJECT_DIR)/Carthage/Build/tvOS",
				);
				INFOPLIST_FILE = "$(SRCROOT)/Configs/OTPTests-Info.plist";
				LD_RUNPATH_SEARCH_PATHS = "$(inherited) @executable_path/Frameworks @loader_path/Frameworks";
				PRODUCT_BUNDLE_IDENTIFIER = "com.OTP.OTPTests-tvOS";
				PRODUCT_NAME = "$(TARGET_NAME)";
				SDKROOT = appletvos;
				SWIFT_VERSION = 4.0;
				TARGETED_DEVICE_FAMILY = 3;
				TVOS_DEPLOYMENT_TARGET = 9.0;
			};
			name = Release;
		};
		553278F51FB1AD64009320F3 /* Debug */ = {
			isa = XCBuildConfiguration;
			buildSettings = {
				ALWAYS_EMBED_SWIFT_STANDARD_LIBRARIES = YES;
				CODE_SIGN_IDENTITY = "";
				CODE_SIGN_STYLE = Manual;
				COMBINE_HIDPI_IMAGES = YES;
				DEVELOPMENT_TEAM = "";
				FRAMEWORK_SEARCH_PATHS = (
					"$(inherited)",
					"$(PROJECT_DIR)/Carthage/Build/Mac",
				);
				INFOPLIST_FILE = "$(SRCROOT)/Configs/OTPTests-Info.plist";
				LD_RUNPATH_SEARCH_PATHS = "$(inherited) @executable_path/../Frameworks @loader_path/../Frameworks";
				MACOSX_DEPLOYMENT_TARGET = 10.10;
				PRODUCT_BUNDLE_IDENTIFIER = "com.OTP.OTPTests-macOS";
				PRODUCT_NAME = "$(TARGET_NAME)";
				PROVISIONING_PROFILE_SPECIFIER = "";
				SDKROOT = macosx;
				SWIFT_VERSION = 4.0;
			};
			name = Debug;
		};
		553278F61FB1AD64009320F3 /* Release */ = {
			isa = XCBuildConfiguration;
			buildSettings = {
				ALWAYS_EMBED_SWIFT_STANDARD_LIBRARIES = YES;
				CODE_SIGN_IDENTITY = "";
				CODE_SIGN_STYLE = Manual;
				COMBINE_HIDPI_IMAGES = YES;
				DEVELOPMENT_TEAM = "";
				FRAMEWORK_SEARCH_PATHS = (
					"$(inherited)",
					"$(PROJECT_DIR)/Carthage/Build/Mac",
				);
				INFOPLIST_FILE = "$(SRCROOT)/Configs/OTPTests-Info.plist";
				LD_RUNPATH_SEARCH_PATHS = "$(inherited) @executable_path/../Frameworks @loader_path/../Frameworks";
				MACOSX_DEPLOYMENT_TARGET = 10.10;
				PRODUCT_BUNDLE_IDENTIFIER = "com.OTP.OTPTests-macOS";
				PRODUCT_NAME = "$(TARGET_NAME)";
				PROVISIONING_PROFILE_SPECIFIER = "";
				SDKROOT = macosx;
				SWIFT_VERSION = 4.0;
			};
			name = Release;
		};
		5562B4A61FB087FF000E0F88 /* Debug */ = {
			isa = XCBuildConfiguration;
			buildSettings = {
				ALWAYS_SEARCH_USER_PATHS = NO;
				CLANG_ANALYZER_NONNULL = YES;
				CLANG_ANALYZER_NUMBER_OBJECT_CONVERSION = YES_AGGRESSIVE;
				CLANG_CXX_LANGUAGE_STANDARD = "gnu++14";
				CLANG_CXX_LIBRARY = "libc++";
				CLANG_ENABLE_MODULES = YES;
				CLANG_ENABLE_OBJC_ARC = YES;
				CLANG_WARN_BLOCK_CAPTURE_AUTORELEASING = YES;
				CLANG_WARN_BOOL_CONVERSION = YES;
				CLANG_WARN_COMMA = YES;
				CLANG_WARN_CONSTANT_CONVERSION = YES;
				CLANG_WARN_DIRECT_OBJC_ISA_USAGE = YES_ERROR;
				CLANG_WARN_DOCUMENTATION_COMMENTS = YES;
				CLANG_WARN_EMPTY_BODY = YES;
				CLANG_WARN_ENUM_CONVERSION = YES;
				CLANG_WARN_INFINITE_RECURSION = YES;
				CLANG_WARN_INT_CONVERSION = YES;
				CLANG_WARN_NON_LITERAL_NULL_CONVERSION = YES;
				CLANG_WARN_OBJC_LITERAL_CONVERSION = YES;
				CLANG_WARN_OBJC_ROOT_CLASS = YES_ERROR;
				CLANG_WARN_RANGE_LOOP_ANALYSIS = YES;
				CLANG_WARN_STRICT_PROTOTYPES = YES;
				CLANG_WARN_SUSPICIOUS_MOVE = YES;
				CLANG_WARN_UNGUARDED_AVAILABILITY = YES_AGGRESSIVE;
				CLANG_WARN_UNREACHABLE_CODE = YES;
				CLANG_WARN__DUPLICATE_METHOD_MATCH = YES;
				CODE_SIGN_IDENTITY = "iPhone Developer";
				COPY_PHASE_STRIP = NO;
				CURRENT_PROJECT_VERSION = 1;
				DEBUG_INFORMATION_FORMAT = dwarf;
				ENABLE_STRICT_OBJC_MSGSEND = YES;
				ENABLE_TESTABILITY = YES;
				GCC_C_LANGUAGE_STANDARD = gnu11;
				GCC_DYNAMIC_NO_PIC = NO;
				GCC_NO_COMMON_BLOCKS = YES;
				GCC_OPTIMIZATION_LEVEL = 0;
				GCC_PREPROCESSOR_DEFINITIONS = (
					"DEBUG=1",
					"$(inherited)",
				);
				GCC_WARN_64_TO_32_BIT_CONVERSION = YES;
				GCC_WARN_ABOUT_RETURN_TYPE = YES_ERROR;
				GCC_WARN_UNDECLARED_SELECTOR = YES;
				GCC_WARN_UNINITIALIZED_AUTOS = YES_AGGRESSIVE;
				GCC_WARN_UNUSED_FUNCTION = YES;
				GCC_WARN_UNUSED_VARIABLE = YES;
				IPHONEOS_DEPLOYMENT_TARGET = 11.2;
				MTL_ENABLE_DEBUG_INFO = YES;
				ONLY_ACTIVE_ARCH = YES;
				SDKROOT = iphoneos;
				SWIFT_ACTIVE_COMPILATION_CONDITIONS = DEBUG;
				SWIFT_OPTIMIZATION_LEVEL = "-Onone";
				VERSIONING_SYSTEM = "apple-generic";
				VERSION_INFO_PREFIX = "";
			};
			name = Debug;
		};
		5562B4A71FB087FF000E0F88 /* Release */ = {
			isa = XCBuildConfiguration;
			buildSettings = {
				ALWAYS_SEARCH_USER_PATHS = NO;
				CLANG_ANALYZER_NONNULL = YES;
				CLANG_ANALYZER_NUMBER_OBJECT_CONVERSION = YES_AGGRESSIVE;
				CLANG_CXX_LANGUAGE_STANDARD = "gnu++14";
				CLANG_CXX_LIBRARY = "libc++";
				CLANG_ENABLE_MODULES = YES;
				CLANG_ENABLE_OBJC_ARC = YES;
				CLANG_WARN_BLOCK_CAPTURE_AUTORELEASING = YES;
				CLANG_WARN_BOOL_CONVERSION = YES;
				CLANG_WARN_COMMA = YES;
				CLANG_WARN_CONSTANT_CONVERSION = YES;
				CLANG_WARN_DIRECT_OBJC_ISA_USAGE = YES_ERROR;
				CLANG_WARN_DOCUMENTATION_COMMENTS = YES;
				CLANG_WARN_EMPTY_BODY = YES;
				CLANG_WARN_ENUM_CONVERSION = YES;
				CLANG_WARN_INFINITE_RECURSION = YES;
				CLANG_WARN_INT_CONVERSION = YES;
				CLANG_WARN_NON_LITERAL_NULL_CONVERSION = YES;
				CLANG_WARN_OBJC_LITERAL_CONVERSION = YES;
				CLANG_WARN_OBJC_ROOT_CLASS = YES_ERROR;
				CLANG_WARN_RANGE_LOOP_ANALYSIS = YES;
				CLANG_WARN_STRICT_PROTOTYPES = YES;
				CLANG_WARN_SUSPICIOUS_MOVE = YES;
				CLANG_WARN_UNGUARDED_AVAILABILITY = YES_AGGRESSIVE;
				CLANG_WARN_UNREACHABLE_CODE = YES;
				CLANG_WARN__DUPLICATE_METHOD_MATCH = YES;
				CODE_SIGN_IDENTITY = "iPhone Developer";
				COPY_PHASE_STRIP = NO;
				CURRENT_PROJECT_VERSION = 1;
				DEBUG_INFORMATION_FORMAT = "dwarf-with-dsym";
				ENABLE_NS_ASSERTIONS = NO;
				ENABLE_STRICT_OBJC_MSGSEND = YES;
				GCC_C_LANGUAGE_STANDARD = gnu11;
				GCC_NO_COMMON_BLOCKS = YES;
				GCC_WARN_64_TO_32_BIT_CONVERSION = YES;
				GCC_WARN_ABOUT_RETURN_TYPE = YES_ERROR;
				GCC_WARN_UNDECLARED_SELECTOR = YES;
				GCC_WARN_UNINITIALIZED_AUTOS = YES_AGGRESSIVE;
				GCC_WARN_UNUSED_FUNCTION = YES;
				GCC_WARN_UNUSED_VARIABLE = YES;
				IPHONEOS_DEPLOYMENT_TARGET = 11.2;
				MTL_ENABLE_DEBUG_INFO = NO;
				SDKROOT = iphoneos;
				SWIFT_OPTIMIZATION_LEVEL = "-Owholemodule";
				VALIDATE_PRODUCT = YES;
				VERSIONING_SYSTEM = "apple-generic";
				VERSION_INFO_PREFIX = "";
			};
			name = Release;
		};
		5562B4A91FB087FF000E0F88 /* Debug */ = {
			isa = XCBuildConfiguration;
			buildSettings = {
				APPLICATION_EXTENSION_API_ONLY = YES;
				CLANG_ENABLE_MODULES = YES;
				CODE_SIGN_IDENTITY = "";
				CODE_SIGN_STYLE = Manual;
				DEFINES_MODULE = YES;
				DEVELOPMENT_TEAM = "";
				DYLIB_COMPATIBILITY_VERSION = 1;
				DYLIB_CURRENT_VERSION = 1;
				DYLIB_INSTALL_NAME_BASE = "@rpath";
				FRAMEWORK_SEARCH_PATHS = (
					"$(inherited)",
					"$(PROJECT_DIR)/Carthage/Build/iOS",
				);
				INFOPLIST_FILE = "$(SRCROOT)/Configs/OTP-Info.plist";
				INSTALL_PATH = "$(LOCAL_LIBRARY_DIR)/Frameworks";
				IPHONEOS_DEPLOYMENT_TARGET = 8.0;
				LD_RUNPATH_SEARCH_PATHS = "$(inherited) @executable_path/Frameworks @loader_path/Frameworks";
				MACOSX_DEPLOYMENT_TARGET = 10.9;
				PRODUCT_BUNDLE_IDENTIFIER = "com.OTP.OTP-iOS";
				PRODUCT_NAME = OTP;
				PROVISIONING_PROFILE_SPECIFIER = "";
				SKIP_INSTALL = YES;
				SUPPORTED_PLATFORMS = "iphonesimulator iphoneos";
				SWIFT_OPTIMIZATION_LEVEL = "-Onone";
				SWIFT_VERSION = 4.0;
				TARGETED_DEVICE_FAMILY = "1,2";
				TVOS_DEPLOYMENT_TARGET = 9.0;
				WATCHOS_DEPLOYMENT_TARGET = 2.0;
			};
			name = Debug;
		};
		5562B4AA1FB087FF000E0F88 /* Release */ = {
			isa = XCBuildConfiguration;
			buildSettings = {
				APPLICATION_EXTENSION_API_ONLY = YES;
				CLANG_ENABLE_MODULES = YES;
				CODE_SIGN_IDENTITY = "";
				CODE_SIGN_STYLE = Manual;
				DEFINES_MODULE = YES;
				DEVELOPMENT_TEAM = "";
				DYLIB_COMPATIBILITY_VERSION = 1;
				DYLIB_CURRENT_VERSION = 1;
				DYLIB_INSTALL_NAME_BASE = "@rpath";
				FRAMEWORK_SEARCH_PATHS = (
					"$(inherited)",
					"$(PROJECT_DIR)/Carthage/Build/iOS",
				);
				INFOPLIST_FILE = "$(SRCROOT)/Configs/OTP-Info.plist";
				INSTALL_PATH = "$(LOCAL_LIBRARY_DIR)/Frameworks";
				IPHONEOS_DEPLOYMENT_TARGET = 8.0;
				LD_RUNPATH_SEARCH_PATHS = "$(inherited) @executable_path/Frameworks @loader_path/Frameworks";
				MACOSX_DEPLOYMENT_TARGET = 10.9;
				PRODUCT_BUNDLE_IDENTIFIER = "com.OTP.OTP-iOS";
				PRODUCT_NAME = OTP;
				PROVISIONING_PROFILE_SPECIFIER = "";
				SKIP_INSTALL = YES;
				SUPPORTED_PLATFORMS = "iphonesimulator iphoneos";
				SWIFT_VERSION = 4.0;
				TARGETED_DEVICE_FAMILY = "1,2";
				TVOS_DEPLOYMENT_TARGET = 9.0;
				WATCHOS_DEPLOYMENT_TARGET = 2.0;
			};
			name = Release;
		};
		5562B4AC1FB087FF000E0F88 /* Debug */ = {
			isa = XCBuildConfiguration;
			buildSettings = {
				ALWAYS_EMBED_SWIFT_STANDARD_LIBRARIES = YES;
				CODE_SIGN_IDENTITY = "";
				CODE_SIGN_STYLE = Manual;
				DEVELOPMENT_TEAM = "";
				FRAMEWORK_SEARCH_PATHS = (
					"$(inherited)",
					"$(PROJECT_DIR)/Carthage/Build/iOS",
				);
				INFOPLIST_FILE = "$(SRCROOT)/Configs/OTPTests-Info.plist";
				IPHONEOS_DEPLOYMENT_TARGET = 8.0;
				LD_RUNPATH_SEARCH_PATHS = "$(inherited) @executable_path/Frameworks @loader_path/Frameworks";
				PRODUCT_BUNDLE_IDENTIFIER = "com.OTP.OTP-iOS-Tests";
				PRODUCT_NAME = "$(TARGET_NAME)";
				PROVISIONING_PROFILE_SPECIFIER = "";
				SWIFT_VERSION = 4.0;
				TARGETED_DEVICE_FAMILY = "1,2";
			};
			name = Debug;
		};
		5562B4AD1FB087FF000E0F88 /* Release */ = {
			isa = XCBuildConfiguration;
			buildSettings = {
				ALWAYS_EMBED_SWIFT_STANDARD_LIBRARIES = YES;
				CODE_SIGN_IDENTITY = "";
				CODE_SIGN_STYLE = Manual;
				DEVELOPMENT_TEAM = "";
				FRAMEWORK_SEARCH_PATHS = (
					"$(inherited)",
					"$(PROJECT_DIR)/Carthage/Build/iOS",
				);
				INFOPLIST_FILE = "$(SRCROOT)/Configs/OTPTests-Info.plist";
				IPHONEOS_DEPLOYMENT_TARGET = 8.0;
				LD_RUNPATH_SEARCH_PATHS = "$(inherited) @executable_path/Frameworks @loader_path/Frameworks";
				PRODUCT_BUNDLE_IDENTIFIER = "com.OTP.OTP-iOS-Tests";
				PRODUCT_NAME = "$(TARGET_NAME)";
				PROVISIONING_PROFILE_SPECIFIER = "";
				SWIFT_VERSION = 4.0;
				TARGETED_DEVICE_FAMILY = "1,2";
			};
			name = Release;
		};
/* End XCBuildConfiguration section */

/* Begin XCConfigurationList section */
		553278A11FB1AAA1009320F3 /* Build configuration list for PBXNativeTarget "OTP-watchOS" */ = {
			isa = XCConfigurationList;
			buildConfigurations = (
				553278A21FB1AAA1009320F3 /* Debug */,
				553278A31FB1AAA1009320F3 /* Release */,
			);
			defaultConfigurationIsVisible = 0;
			defaultConfigurationName = Release;
		};
		553278B51FB1AB76009320F3 /* Build configuration list for PBXNativeTarget "OTP-tvOS" */ = {
			isa = XCConfigurationList;
			buildConfigurations = (
				553278B61FB1AB76009320F3 /* Debug */,
				553278B71FB1AB76009320F3 /* Release */,
			);
			defaultConfigurationIsVisible = 0;
			defaultConfigurationName = Release;
		};
		553278CB1FB1ABDF009320F3 /* Build configuration list for PBXNativeTarget "OTP-macOS" */ = {
			isa = XCConfigurationList;
			buildConfigurations = (
				553278CC1FB1ABDF009320F3 /* Debug */,
				553278CD1FB1ABDF009320F3 /* Release */,
			);
			defaultConfigurationIsVisible = 0;
			defaultConfigurationName = Release;
		};
		553278E51FB1AD55009320F3 /* Build configuration list for PBXNativeTarget "OTPTests-tvOS" */ = {
			isa = XCConfigurationList;
			buildConfigurations = (
				553278E61FB1AD55009320F3 /* Debug */,
				553278E71FB1AD55009320F3 /* Release */,
			);
			defaultConfigurationIsVisible = 0;
			defaultConfigurationName = Release;
		};
		553278F41FB1AD64009320F3 /* Build configuration list for PBXNativeTarget "OTPTests-macOS" */ = {
			isa = XCConfigurationList;
			buildConfigurations = (
				553278F51FB1AD64009320F3 /* Debug */,
				553278F61FB1AD64009320F3 /* Release */,
			);
			defaultConfigurationIsVisible = 0;
			defaultConfigurationName = Release;
		};
		5562B48E1FB087FE000E0F88 /* Build configuration list for PBXProject "OTP" */ = {
			isa = XCConfigurationList;
			buildConfigurations = (
				5562B4A61FB087FF000E0F88 /* Debug */,
				5562B4A71FB087FF000E0F88 /* Release */,
			);
			defaultConfigurationIsVisible = 0;
			defaultConfigurationName = Release;
		};
		5562B4A81FB087FF000E0F88 /* Build configuration list for PBXNativeTarget "OTP-iOS" */ = {
			isa = XCConfigurationList;
			buildConfigurations = (
				5562B4A91FB087FF000E0F88 /* Debug */,
				5562B4AA1FB087FF000E0F88 /* Release */,
			);
			defaultConfigurationIsVisible = 0;
			defaultConfigurationName = Release;
		};
		5562B4AB1FB087FF000E0F88 /* Build configuration list for PBXNativeTarget "OTPTests-iOS" */ = {
			isa = XCConfigurationList;
			buildConfigurations = (
				5562B4AC1FB087FF000E0F88 /* Debug */,
				5562B4AD1FB087FF000E0F88 /* Release */,
			);
			defaultConfigurationIsVisible = 0;
			defaultConfigurationName = Release;
		};
/* End XCConfigurationList section */
	};
	rootObject = 5562B48B1FB087FE000E0F88 /* Project object */;
}
